// !$*UTF8*$!
{
	archiveVersion = 1;
	classes = {
	};
	objectVersion = 55;
	objects = {

/* Begin PBXBuildFile section */
		4D4DF5A428A4B784008651BC /* Utils.swift in Sources */ = {isa = PBXBuildFile; fileRef = 4D4DF5A328A4B784008651BC /* Utils.swift */; };
		4DE9F6E228A484D90023BDB6 /* APIProvider.swift in Sources */ = {isa = PBXBuildFile; fileRef = 4DE9F6E128A484D90023BDB6 /* APIProvider.swift */; };
		4DE9F6E428A485B90023BDB6 /* LoginPresenter.swift in Sources */ = {isa = PBXBuildFile; fileRef = 4DE9F6E328A485B90023BDB6 /* LoginPresenter.swift */; };
		4DE9F6E628A48AA10023BDB6 /* RequestToken.swift in Sources */ = {isa = PBXBuildFile; fileRef = 4DE9F6E528A48AA10023BDB6 /* RequestToken.swift */; };
		4DE9F6E828A49DCC0023BDB6 /* HomeViewController.swift in Sources */ = {isa = PBXBuildFile; fileRef = 4DE9F6E728A49DCC0023BDB6 /* HomeViewController.swift */; };
		4DE9F6EA28A4A16C0023BDB6 /* ProfileViewController.swift in Sources */ = {isa = PBXBuildFile; fileRef = 4DE9F6E928A4A16C0023BDB6 /* ProfileViewController.swift */; };
		4DE9F6EF28A4A42A0023BDB6 /* MovieCollectionViewCell.swift in Sources */ = {isa = PBXBuildFile; fileRef = 4DE9F6ED28A4A42A0023BDB6 /* MovieCollectionViewCell.swift */; };
		4DE9F6F028A4A42A0023BDB6 /* MovieCollectionViewCell.xib in Resources */ = {isa = PBXBuildFile; fileRef = 4DE9F6EE28A4A42A0023BDB6 /* MovieCollectionViewCell.xib */; };
		4DE9F6F228A4A7110023BDB6 /* HomePresenter.swift in Sources */ = {isa = PBXBuildFile; fileRef = 4DE9F6F128A4A7110023BDB6 /* HomePresenter.swift */; };
		4DE9F6F428A4A9140023BDB6 /* Movie.swift in Sources */ = {isa = PBXBuildFile; fileRef = 4DE9F6F328A4A9140023BDB6 /* Movie.swift */; };
		A94D8A4728A54FEE002089CA /* TVShows.swift in Sources */ = {isa = PBXBuildFile; fileRef = A94D8A4628A54FEE002089CA /* TVShows.swift */; };
		A94D8A4B28A57792002089CA /* Session.swift in Sources */ = {isa = PBXBuildFile; fileRef = A94D8A4A28A57792002089CA /* Session.swift */; };
		A94D8A5228A59D54002089CA /* MovieEntity+CoreDataClass.swift in Sources */ = {isa = PBXBuildFile; fileRef = A94D8A5028A59D54002089CA /* MovieEntity+CoreDataClass.swift */; };
		A94D8A5328A59D54002089CA /* MovieEntity+CoreDataProperties.swift in Sources */ = {isa = PBXBuildFile; fileRef = A94D8A5128A59D54002089CA /* MovieEntity+CoreDataProperties.swift */; };
		A94D8A5528A59D86002089CA /* FavoritePresenter.swift in Sources */ = {isa = PBXBuildFile; fileRef = A94D8A5428A59D86002089CA /* FavoritePresenter.swift */; };
		A94D8A5728A5AB03002089CA /* MovieDetailsViewController.swift in Sources */ = {isa = PBXBuildFile; fileRef = A94D8A5628A5AB03002089CA /* MovieDetailsViewController.swift */; };
		A9C0383D28A6BA43005E09A4 /* MovieDetails.swift in Sources */ = {isa = PBXBuildFile; fileRef = A9C0383C28A6BA43005E09A4 /* MovieDetails.swift */; };
		A9C0383F28A6C022005E09A4 /* MovieDetailsPresenter.swift in Sources */ = {isa = PBXBuildFile; fileRef = A9C0383E28A6C022005E09A4 /* MovieDetailsPresenter.swift */; };
		A9C0384128A6C64D005E09A4 /* TVDetails.swift in Sources */ = {isa = PBXBuildFile; fileRef = A9C0384028A6C64D005E09A4 /* TVDetails.swift */; };
		A9C0384428A6EF16005E09A4 /* CollectionViewCell.swift in Sources */ = {isa = PBXBuildFile; fileRef = A9C0384228A6EF16005E09A4 /* CollectionViewCell.swift */; };
		A9C0384528A6EF16005E09A4 /* CollectionViewCell.xib in Resources */ = {isa = PBXBuildFile; fileRef = A9C0384328A6EF16005E09A4 /* CollectionViewCell.xib */; };
		A9FC1F8228A41B7B00067604 /* AppDelegate.swift in Sources */ = {isa = PBXBuildFile; fileRef = A9FC1F8128A41B7B00067604 /* AppDelegate.swift */; };
		A9FC1F8428A41B7B00067604 /* SceneDelegate.swift in Sources */ = {isa = PBXBuildFile; fileRef = A9FC1F8328A41B7B00067604 /* SceneDelegate.swift */; };
		A9FC1F8628A41B7B00067604 /* ViewController.swift in Sources */ = {isa = PBXBuildFile; fileRef = A9FC1F8528A41B7B00067604 /* ViewController.swift */; };
		A9FC1F8928A41B7B00067604 /* Main.storyboard in Resources */ = {isa = PBXBuildFile; fileRef = A9FC1F8728A41B7B00067604 /* Main.storyboard */; };
		A9FC1F8C28A41B7B00067604 /* TheMovieDB.xcdatamodeld in Sources */ = {isa = PBXBuildFile; fileRef = A9FC1F8A28A41B7B00067604 /* TheMovieDB.xcdatamodeld */; };
		A9FC1F8E28A41B7D00067604 /* Assets.xcassets in Resources */ = {isa = PBXBuildFile; fileRef = A9FC1F8D28A41B7D00067604 /* Assets.xcassets */; };
		A9FC1F9128A41B7D00067604 /* LaunchScreen.storyboard in Resources */ = {isa = PBXBuildFile; fileRef = A9FC1F8F28A41B7D00067604 /* LaunchScreen.storyboard */; };
/* End PBXBuildFile section */

/* Begin PBXFileReference section */
		4D4DF5A328A4B784008651BC /* Utils.swift */ = {isa = PBXFileReference; lastKnownFileType = sourcecode.swift; path = Utils.swift; sourceTree = "<group>"; };
		4DE9F6E128A484D90023BDB6 /* APIProvider.swift */ = {isa = PBXFileReference; lastKnownFileType = sourcecode.swift; path = APIProvider.swift; sourceTree = "<group>"; };
		4DE9F6E328A485B90023BDB6 /* LoginPresenter.swift */ = {isa = PBXFileReference; lastKnownFileType = sourcecode.swift; path = LoginPresenter.swift; sourceTree = "<group>"; };
		4DE9F6E528A48AA10023BDB6 /* RequestToken.swift */ = {isa = PBXFileReference; lastKnownFileType = sourcecode.swift; path = RequestToken.swift; sourceTree = "<group>"; };
		4DE9F6E728A49DCC0023BDB6 /* HomeViewController.swift */ = {isa = PBXFileReference; lastKnownFileType = sourcecode.swift; path = HomeViewController.swift; sourceTree = "<group>"; };
		4DE9F6E928A4A16C0023BDB6 /* ProfileViewController.swift */ = {isa = PBXFileReference; lastKnownFileType = sourcecode.swift; path = ProfileViewController.swift; sourceTree = "<group>"; };
		4DE9F6ED28A4A42A0023BDB6 /* MovieCollectionViewCell.swift */ = {isa = PBXFileReference; lastKnownFileType = sourcecode.swift; path = MovieCollectionViewCell.swift; sourceTree = "<group>"; };
		4DE9F6EE28A4A42A0023BDB6 /* MovieCollectionViewCell.xib */ = {isa = PBXFileReference; lastKnownFileType = file.xib; path = MovieCollectionViewCell.xib; sourceTree = "<group>"; };
		4DE9F6F128A4A7110023BDB6 /* HomePresenter.swift */ = {isa = PBXFileReference; lastKnownFileType = sourcecode.swift; path = HomePresenter.swift; sourceTree = "<group>"; };
		4DE9F6F328A4A9140023BDB6 /* Movie.swift */ = {isa = PBXFileReference; lastKnownFileType = sourcecode.swift; path = Movie.swift; sourceTree = "<group>"; };
		A94D8A4628A54FEE002089CA /* TVShows.swift */ = {isa = PBXFileReference; lastKnownFileType = sourcecode.swift; path = TVShows.swift; sourceTree = "<group>"; };
		A94D8A4A28A57792002089CA /* Session.swift */ = {isa = PBXFileReference; lastKnownFileType = sourcecode.swift; path = Session.swift; sourceTree = "<group>"; };
		A94D8A5028A59D54002089CA /* MovieEntity+CoreDataClass.swift */ = {isa = PBXFileReference; lastKnownFileType = sourcecode.swift; path = "MovieEntity+CoreDataClass.swift"; sourceTree = "<group>"; };
		A94D8A5128A59D54002089CA /* MovieEntity+CoreDataProperties.swift */ = {isa = PBXFileReference; lastKnownFileType = sourcecode.swift; path = "MovieEntity+CoreDataProperties.swift"; sourceTree = "<group>"; };
		A94D8A5428A59D86002089CA /* FavoritePresenter.swift */ = {isa = PBXFileReference; lastKnownFileType = sourcecode.swift; path = FavoritePresenter.swift; sourceTree = "<group>"; };
		A94D8A5628A5AB03002089CA /* MovieDetailsViewController.swift */ = {isa = PBXFileReference; lastKnownFileType = sourcecode.swift; path = MovieDetailsViewController.swift; sourceTree = "<group>"; };
		A9C0383C28A6BA43005E09A4 /* MovieDetails.swift */ = {isa = PBXFileReference; lastKnownFileType = sourcecode.swift; path = MovieDetails.swift; sourceTree = "<group>"; };
		A9C0383E28A6C022005E09A4 /* MovieDetailsPresenter.swift */ = {isa = PBXFileReference; lastKnownFileType = sourcecode.swift; path = MovieDetailsPresenter.swift; sourceTree = "<group>"; };
		A9C0384028A6C64D005E09A4 /* TVDetails.swift */ = {isa = PBXFileReference; lastKnownFileType = sourcecode.swift; path = TVDetails.swift; sourceTree = "<group>"; };
		A9C0384228A6EF16005E09A4 /* CollectionViewCell.swift */ = {isa = PBXFileReference; lastKnownFileType = sourcecode.swift; path = CollectionViewCell.swift; sourceTree = "<group>"; };
		A9C0384328A6EF16005E09A4 /* CollectionViewCell.xib */ = {isa = PBXFileReference; lastKnownFileType = file.xib; path = CollectionViewCell.xib; sourceTree = "<group>"; };
		A9FC1F7E28A41B7B00067604 /* TheMovieDB.app */ = {isa = PBXFileReference; explicitFileType = wrapper.application; includeInIndex = 0; path = TheMovieDB.app; sourceTree = BUILT_PRODUCTS_DIR; };
		A9FC1F8128A41B7B00067604 /* AppDelegate.swift */ = {isa = PBXFileReference; lastKnownFileType = sourcecode.swift; path = AppDelegate.swift; sourceTree = "<group>"; };
		A9FC1F8328A41B7B00067604 /* SceneDelegate.swift */ = {isa = PBXFileReference; lastKnownFileType = sourcecode.swift; path = SceneDelegate.swift; sourceTree = "<group>"; };
		A9FC1F8528A41B7B00067604 /* ViewController.swift */ = {isa = PBXFileReference; lastKnownFileType = sourcecode.swift; path = ViewController.swift; sourceTree = "<group>"; };
		A9FC1F8828A41B7B00067604 /* Base */ = {isa = PBXFileReference; lastKnownFileType = file.storyboard; name = Base; path = Base.lproj/Main.storyboard; sourceTree = "<group>"; };
		A9FC1F8B28A41B7B00067604 /* TheMovieDB.xcdatamodel */ = {isa = PBXFileReference; lastKnownFileType = wrapper.xcdatamodel; path = TheMovieDB.xcdatamodel; sourceTree = "<group>"; };
		A9FC1F8D28A41B7D00067604 /* Assets.xcassets */ = {isa = PBXFileReference; lastKnownFileType = folder.assetcatalog; path = Assets.xcassets; sourceTree = "<group>"; };
		A9FC1F9028A41B7D00067604 /* Base */ = {isa = PBXFileReference; lastKnownFileType = file.storyboard; name = Base; path = Base.lproj/LaunchScreen.storyboard; sourceTree = "<group>"; };
		A9FC1F9228A41B7D00067604 /* Info.plist */ = {isa = PBXFileReference; lastKnownFileType = text.plist.xml; path = Info.plist; sourceTree = "<group>"; };
/* End PBXFileReference section */

/* Begin PBXFrameworksBuildPhase section */
		A9FC1F7B28A41B7B00067604 /* Frameworks */ = {
			isa = PBXFrameworksBuildPhase;
			buildActionMask = 2147483647;
			files = (
			);
			runOnlyForDeploymentPostprocessing = 0;
		};
/* End PBXFrameworksBuildPhase section */

/* Begin PBXGroup section */
		4D4DF5A228A4B771008651BC /* Utils */ = {
			isa = PBXGroup;
			children = (
				4D4DF5A328A4B784008651BC /* Utils.swift */,
			);
			path = Utils;
			sourceTree = "<group>";
		};
		4DE9F6DD28A4847D0023BDB6 /* Presenters */ = {
			isa = PBXGroup;
			children = (
				4DE9F6E328A485B90023BDB6 /* LoginPresenter.swift */,
				4DE9F6F128A4A7110023BDB6 /* HomePresenter.swift */,
				A94D8A5428A59D86002089CA /* FavoritePresenter.swift */,
				A9C0383E28A6C022005E09A4 /* MovieDetailsPresenter.swift */,
			);
			path = Presenters;
			sourceTree = "<group>";
		};
		4DE9F6DE28A4848A0023BDB6 /* Models */ = {
			isa = PBXGroup;
			children = (
				4DE9F6E528A48AA10023BDB6 /* RequestToken.swift */,
				4DE9F6F328A4A9140023BDB6 /* Movie.swift */,
				A94D8A4628A54FEE002089CA /* TVShows.swift */,
				A94D8A4A28A57792002089CA /* Session.swift */,
				A9C0383C28A6BA43005E09A4 /* MovieDetails.swift */,
				A9C0384028A6C64D005E09A4 /* TVDetails.swift */,
			);
			path = Models;
			sourceTree = "<group>";
		};
		4DE9F6DF28A484920023BDB6 /* Views */ = {
			isa = PBXGroup;
			children = (
				4DE9F6E728A49DCC0023BDB6 /* HomeViewController.swift */,
				4DE9F6E928A4A16C0023BDB6 /* ProfileViewController.swift */,
				4DE9F6ED28A4A42A0023BDB6 /* MovieCollectionViewCell.swift */,
				A9FC1F8528A41B7B00067604 /* ViewController.swift */,
				4DE9F6EE28A4A42A0023BDB6 /* MovieCollectionViewCell.xib */,
				A94D8A5628A5AB03002089CA /* MovieDetailsViewController.swift */,
				A9C0384228A6EF16005E09A4 /* CollectionViewCell.swift */,
				A9C0384328A6EF16005E09A4 /* CollectionViewCell.xib */,
			);
			path = Views;
			sourceTree = "<group>";
		};
		4DE9F6E028A484A50023BDB6 /* APIProvider */ = {
			isa = PBXGroup;
			children = (
				4DE9F6E128A484D90023BDB6 /* APIProvider.swift */,
			);
			path = APIProvider;
			sourceTree = "<group>";
		};
		A9FC1F7528A41B7B00067604 = {
			isa = PBXGroup;
			children = (
				A94D8A5028A59D54002089CA /* MovieEntity+CoreDataClass.swift */,
				A94D8A5128A59D54002089CA /* MovieEntity+CoreDataProperties.swift */,
				A9FC1F8028A41B7B00067604 /* TheMovieDB */,
				A9FC1F7F28A41B7B00067604 /* Products */,
			);
			sourceTree = "<group>";
		};
		A9FC1F7F28A41B7B00067604 /* Products */ = {
			isa = PBXGroup;
			children = (
				A9FC1F7E28A41B7B00067604 /* TheMovieDB.app */,
			);
			name = Products;
			sourceTree = "<group>";
		};
		A9FC1F8028A41B7B00067604 /* TheMovieDB */ = {
			isa = PBXGroup;
			children = (
				4D4DF5A228A4B771008651BC /* Utils */,
				4DE9F6E028A484A50023BDB6 /* APIProvider */,
				4DE9F6DF28A484920023BDB6 /* Views */,
				4DE9F6DE28A4848A0023BDB6 /* Models */,
				4DE9F6DD28A4847D0023BDB6 /* Presenters */,
				A9FC1F8128A41B7B00067604 /* AppDelegate.swift */,
				A9FC1F8328A41B7B00067604 /* SceneDelegate.swift */,
				A9FC1F8728A41B7B00067604 /* Main.storyboard */,
				A9FC1F8D28A41B7D00067604 /* Assets.xcassets */,
				A9FC1F8F28A41B7D00067604 /* LaunchScreen.storyboard */,
				A9FC1F9228A41B7D00067604 /* Info.plist */,
				A9FC1F8A28A41B7B00067604 /* TheMovieDB.xcdatamodeld */,
			);
			path = TheMovieDB;
			sourceTree = "<group>";
		};
/* End PBXGroup section */

/* Begin PBXNativeTarget section */
		A9FC1F7D28A41B7B00067604 /* TheMovieDB */ = {
			isa = PBXNativeTarget;
			buildConfigurationList = A9FC1F9528A41B7D00067604 /* Build configuration list for PBXNativeTarget "TheMovieDB" */;
			buildPhases = (
				A9FC1F7A28A41B7B00067604 /* Sources */,
				A9FC1F7B28A41B7B00067604 /* Frameworks */,
				A9FC1F7C28A41B7B00067604 /* Resources */,
			);
			buildRules = (
			);
			dependencies = (
			);
			name = TheMovieDB;
			productName = TheMovieDB;
			productReference = A9FC1F7E28A41B7B00067604 /* TheMovieDB.app */;
			productType = "com.apple.product-type.application";
		};
/* End PBXNativeTarget section */

/* Begin PBXProject section */
		A9FC1F7628A41B7B00067604 /* Project object */ = {
			isa = PBXProject;
			attributes = {
				BuildIndependentTargetsInParallel = 1;
				LastSwiftUpdateCheck = 1320;
				LastUpgradeCheck = 1320;
				TargetAttributes = {
					A9FC1F7D28A41B7B00067604 = {
						CreatedOnToolsVersion = 13.2.1;
					};
				};
			};
			buildConfigurationList = A9FC1F7928A41B7B00067604 /* Build configuration list for PBXProject "TheMovieDB" */;
			compatibilityVersion = "Xcode 13.0";
			developmentRegion = en;
			hasScannedForEncodings = 0;
			knownRegions = (
				en,
				Base,
			);
			mainGroup = A9FC1F7528A41B7B00067604;
			productRefGroup = A9FC1F7F28A41B7B00067604 /* Products */;
			projectDirPath = "";
			projectRoot = "";
			targets = (
				A9FC1F7D28A41B7B00067604 /* TheMovieDB */,
			);
		};
/* End PBXProject section */

/* Begin PBXResourcesBuildPhase section */
		A9FC1F7C28A41B7B00067604 /* Resources */ = {
			isa = PBXResourcesBuildPhase;
			buildActionMask = 2147483647;
			files = (
				A9FC1F9128A41B7D00067604 /* LaunchScreen.storyboard in Resources */,
				A9FC1F8E28A41B7D00067604 /* Assets.xcassets in Resources */,
				A9FC1F8928A41B7B00067604 /* Main.storyboard in Resources */,
				4DE9F6F028A4A42A0023BDB6 /* MovieCollectionViewCell.xib in Resources */,
				A9C0384528A6EF16005E09A4 /* CollectionViewCell.xib in Resources */,
			);
			runOnlyForDeploymentPostprocessing = 0;
		};
/* End PBXResourcesBuildPhase section */

/* Begin PBXSourcesBuildPhase section */
		A9FC1F7A28A41B7B00067604 /* Sources */ = {
			isa = PBXSourcesBuildPhase;
			buildActionMask = 2147483647;
			files = (
				A94D8A5728A5AB03002089CA /* MovieDetailsViewController.swift in Sources */,
				A94D8A5228A59D54002089CA /* MovieEntity+CoreDataClass.swift in Sources */,
				4DE9F6E428A485B90023BDB6 /* LoginPresenter.swift in Sources */,
				A9C0383D28A6BA43005E09A4 /* MovieDetails.swift in Sources */,
				A9FC1F8628A41B7B00067604 /* ViewController.swift in Sources */,
				4DE9F6F428A4A9140023BDB6 /* Movie.swift in Sources */,
				A9C0384428A6EF16005E09A4 /* CollectionViewCell.swift in Sources */,
				4DE9F6E628A48AA10023BDB6 /* RequestToken.swift in Sources */,
				4DE9F6E828A49DCC0023BDB6 /* HomeViewController.swift in Sources */,
				4D4DF5A428A4B784008651BC /* Utils.swift in Sources */,
				A9FC1F8228A41B7B00067604 /* AppDelegate.swift in Sources */,
				4DE9F6E228A484D90023BDB6 /* APIProvider.swift in Sources */,
				A9C0383F28A6C022005E09A4 /* MovieDetailsPresenter.swift in Sources */,
				A94D8A5528A59D86002089CA /* FavoritePresenter.swift in Sources */,
				A94D8A5328A59D54002089CA /* MovieEntity+CoreDataProperties.swift in Sources */,
				4DE9F6EA28A4A16C0023BDB6 /* ProfileViewController.swift in Sources */,
				4DE9F6EF28A4A42A0023BDB6 /* MovieCollectionViewCell.swift in Sources */,
				A94D8A4728A54FEE002089CA /* TVShows.swift in Sources */,
				A94D8A4B28A57792002089CA /* Session.swift in Sources */,
				A9C0384128A6C64D005E09A4 /* TVDetails.swift in Sources */,
				A9FC1F8C28A41B7B00067604 /* TheMovieDB.xcdatamodeld in Sources */,
				A9FC1F8428A41B7B00067604 /* SceneDelegate.swift in Sources */,
				4DE9F6F228A4A7110023BDB6 /* HomePresenter.swift in Sources */,
			);
			runOnlyForDeploymentPostprocessing = 0;
		};
/* End PBXSourcesBuildPhase section */

/* Begin PBXVariantGroup section */
		A9FC1F8728A41B7B00067604 /* Main.storyboard */ = {
			isa = PBXVariantGroup;
			children = (
				A9FC1F8828A41B7B00067604 /* Base */,
			);
			name = Main.storyboard;
			sourceTree = "<group>";
		};
		A9FC1F8F28A41B7D00067604 /* LaunchScreen.storyboard */ = {
			isa = PBXVariantGroup;
			children = (
				A9FC1F9028A41B7D00067604 /* Base */,
			);
			name = LaunchScreen.storyboard;
			sourceTree = "<group>";
		};
/* End PBXVariantGroup section */

/* Begin XCBuildConfiguration section */
		A9FC1F9328A41B7D00067604 /* Debug */ = {
			isa = XCBuildConfiguration;
			buildSettings = {
				ALWAYS_SEARCH_USER_PATHS = NO;
				CLANG_ANALYZER_NONNULL = YES;
				CLANG_ANALYZER_NUMBER_OBJECT_CONVERSION = YES_AGGRESSIVE;
				CLANG_CXX_LANGUAGE_STANDARD = "gnu++17";
				CLANG_CXX_LIBRARY = "libc++";
				CLANG_ENABLE_MODULES = YES;
				CLANG_ENABLE_OBJC_ARC = YES;
				CLANG_ENABLE_OBJC_WEAK = YES;
				CLANG_WARN_BLOCK_CAPTURE_AUTORELEASING = YES;
				CLANG_WARN_BOOL_CONVERSION = YES;
				CLANG_WARN_COMMA = YES;
				CLANG_WARN_CONSTANT_CONVERSION = YES;
				CLANG_WARN_DEPRECATED_OBJC_IMPLEMENTATIONS = YES;
				CLANG_WARN_DIRECT_OBJC_ISA_USAGE = YES_ERROR;
				CLANG_WARN_DOCUMENTATION_COMMENTS = YES;
				CLANG_WARN_EMPTY_BODY = YES;
				CLANG_WARN_ENUM_CONVERSION = YES;
				CLANG_WARN_INFINITE_RECURSION = YES;
				CLANG_WARN_INT_CONVERSION = YES;
				CLANG_WARN_NON_LITERAL_NULL_CONVERSION = YES;
				CLANG_WARN_OBJC_IMPLICIT_RETAIN_SELF = YES;
				CLANG_WARN_OBJC_LITERAL_CONVERSION = YES;
				CLANG_WARN_OBJC_ROOT_CLASS = YES_ERROR;
				CLANG_WARN_QUOTED_INCLUDE_IN_FRAMEWORK_HEADER = YES;
				CLANG_WARN_RANGE_LOOP_ANALYSIS = YES;
				CLANG_WARN_STRICT_PROTOTYPES = YES;
				CLANG_WARN_SUSPICIOUS_MOVE = YES;
				CLANG_WARN_UNGUARDED_AVAILABILITY = YES_AGGRESSIVE;
				CLANG_WARN_UNREACHABLE_CODE = YES;
				CLANG_WARN__DUPLICATE_METHOD_MATCH = YES;
				COPY_PHASE_STRIP = NO;
				DEBUG_INFORMATION_FORMAT = dwarf;
				ENABLE_STRICT_OBJC_MSGSEND = YES;
				ENABLE_TESTABILITY = YES;
				GCC_C_LANGUAGE_STANDARD = gnu11;
				GCC_DYNAMIC_NO_PIC = NO;
				GCC_NO_COMMON_BLOCKS = YES;
				GCC_OPTIMIZATION_LEVEL = 0;
				GCC_PREPROCESSOR_DEFINITIONS = (
					"DEBUG=1",
					"$(inherited)",
				);
				GCC_WARN_64_TO_32_BIT_CONVERSION = YES;
				GCC_WARN_ABOUT_RETURN_TYPE = YES_ERROR;
				GCC_WARN_UNDECLARED_SELECTOR = YES;
				GCC_WARN_UNINITIALIZED_AUTOS = YES_AGGRESSIVE;
				GCC_WARN_UNUSED_FUNCTION = YES;
				GCC_WARN_UNUSED_VARIABLE = YES;
				IPHONEOS_DEPLOYMENT_TARGET = 15.2;
				MTL_ENABLE_DEBUG_INFO = INCLUDE_SOURCE;
				MTL_FAST_MATH = YES;
				ONLY_ACTIVE_ARCH = YES;
				SDKROOT = iphoneos;
				SWIFT_ACTIVE_COMPILATION_CONDITIONS = DEBUG;
				SWIFT_OPTIMIZATION_LEVEL = "-Onone";
			};
			name = Debug;
		};
		A9FC1F9428A41B7D00067604 /* Release */ = {
			isa = XCBuildConfiguration;
			buildSettings = {
				ALWAYS_SEARCH_USER_PATHS = NO;
				CLANG_ANALYZER_NONNULL = YES;
				CLANG_ANALYZER_NUMBER_OBJECT_CONVERSION = YES_AGGRESSIVE;
				CLANG_CXX_LANGUAGE_STANDARD = "gnu++17";
				CLANG_CXX_LIBRARY = "libc++";
				CLANG_ENABLE_MODULES = YES;
				CLANG_ENABLE_OBJC_ARC = YES;
				CLANG_ENABLE_OBJC_WEAK = YES;
				CLANG_WARN_BLOCK_CAPTURE_AUTORELEASING = YES;
				CLANG_WARN_BOOL_CONVERSION = YES;
				CLANG_WARN_COMMA = YES;
				CLANG_WARN_CONSTANT_CONVERSION = YES;
				CLANG_WARN_DEPRECATED_OBJC_IMPLEMENTATIONS = YES;
				CLANG_WARN_DIRECT_OBJC_ISA_USAGE = YES_ERROR;
				CLANG_WARN_DOCUMENTATION_COMMENTS = YES;
				CLANG_WARN_EMPTY_BODY = YES;
				CLANG_WARN_ENUM_CONVERSION = YES;
				CLANG_WARN_INFINITE_RECURSION = YES;
				CLANG_WARN_INT_CONVERSION = YES;
				CLANG_WARN_NON_LITERAL_NULL_CONVERSION = YES;
				CLANG_WARN_OBJC_IMPLICIT_RETAIN_SELF = YES;
				CLANG_WARN_OBJC_LITERAL_CONVERSION = YES;
				CLANG_WARN_OBJC_ROOT_CLASS = YES_ERROR;
				CLANG_WARN_QUOTED_INCLUDE_IN_FRAMEWORK_HEADER = YES;
				CLANG_WARN_RANGE_LOOP_ANALYSIS = YES;
				CLANG_WARN_STRICT_PROTOTYPES = YES;
				CLANG_WARN_SUSPICIOUS_MOVE = YES;
				CLANG_WARN_UNGUARDED_AVAILABILITY = YES_AGGRESSIVE;
				CLANG_WARN_UNREACHABLE_CODE = YES;
				CLANG_WARN__DUPLICATE_METHOD_MATCH = YES;
				COPY_PHASE_STRIP = NO;
				DEBUG_INFORMATION_FORMAT = "dwarf-with-dsym";
				ENABLE_NS_ASSERTIONS = NO;
				ENABLE_STRICT_OBJC_MSGSEND = YES;
				GCC_C_LANGUAGE_STANDARD = gnu11;
				GCC_NO_COMMON_BLOCKS = YES;
				GCC_WARN_64_TO_32_BIT_CONVERSION = YES;
				GCC_WARN_ABOUT_RETURN_TYPE = YES_ERROR;
				GCC_WARN_UNDECLARED_SELECTOR = YES;
				GCC_WARN_UNINITIALIZED_AUTOS = YES_AGGRESSIVE;
				GCC_WARN_UNUSED_FUNCTION = YES;
				GCC_WARN_UNUSED_VARIABLE = YES;
				IPHONEOS_DEPLOYMENT_TARGET = 15.2;
				MTL_ENABLE_DEBUG_INFO = NO;
				MTL_FAST_MATH = YES;
				SDKROOT = iphoneos;
				SWIFT_COMPILATION_MODE = wholemodule;
				SWIFT_OPTIMIZATION_LEVEL = "-O";
				VALIDATE_PRODUCT = YES;
			};
			name = Release;
		};
		A9FC1F9628A41B7D00067604 /* Debug */ = {
			isa = XCBuildConfiguration;
			buildSettings = {
				ASSETCATALOG_COMPILER_APPICON_NAME = AppIcon;
				ASSETCATALOG_COMPILER_GLOBAL_ACCENT_COLOR_NAME = AccentColor;
				CODE_SIGN_STYLE = Automatic;
				CURRENT_PROJECT_VERSION = 1;
				GENERATE_INFOPLIST_FILE = YES;
				INFOPLIST_FILE = TheMovieDB/Info.plist;
				INFOPLIST_KEY_CFBundleDisplayName = "Movies App";
				INFOPLIST_KEY_UIApplicationSupportsIndirectInputEvents = YES;
				INFOPLIST_KEY_UILaunchStoryboardName = LaunchScreen;
				INFOPLIST_KEY_UIMainStoryboardFile = Main;
				INFOPLIST_KEY_UISupportedInterfaceOrientations_iPad = "UIInterfaceOrientationPortrait UIInterfaceOrientationPortraitUpsideDown UIInterfaceOrientationLandscapeLeft UIInterfaceOrientationLandscapeRight";
				INFOPLIST_KEY_UISupportedInterfaceOrientations_iPhone = "UIInterfaceOrientationPortrait UIInterfaceOrientationLandscapeLeft UIInterfaceOrientationLandscapeRight";
				LD_RUNPATH_SEARCH_PATHS = (
					"$(inherited)",
					"@executable_path/Frameworks",
				);
				MARKETING_VERSION = 1.0;
				PRODUCT_BUNDLE_IDENTIFIER = AlexBQCompany.TheMovieDB;
				PRODUCT_NAME = "$(TARGET_NAME)";
				SWIFT_EMIT_LOC_STRINGS = YES;
				SWIFT_VERSION = 5.0;
				TARGETED_DEVICE_FAMILY = "1,2";
			};
			name = Debug;
		};
		A9FC1F9728A41B7D00067604 /* Release */ = {
			isa = XCBuildConfiguration;
			buildSettings = {
				ASSETCATALOG_COMPILER_APPICON_NAME = AppIcon;
				ASSETCATALOG_COMPILER_GLOBAL_ACCENT_COLOR_NAME = AccentColor;
				CODE_SIGN_STYLE = Automatic;
				CURRENT_PROJECT_VERSION = 1;
				GENERATE_INFOPLIST_FILE = YES;
				INFOPLIST_FILE = TheMovieDB/Info.plist;
				INFOPLIST_KEY_CFBundleDisplayName = "Movies App";
				INFOPLIST_KEY_UIApplicationSupportsIndirectInputEvents = YES;
				INFOPLIST_KEY_UILaunchStoryboardName = LaunchScreen;
				INFOPLIST_KEY_UIMainStoryboardFile = Main;
				INFOPLIST_KEY_UISupportedInterfaceOrientations_iPad = "UIInterfaceOrientationPortrait UIInterfaceOrientationPortraitUpsideDown UIInterfaceOrientationLandscapeLeft UIInterfaceOrientationLandscapeRight";
				INFOPLIST_KEY_UISupportedInterfaceOrientations_iPhone = "UIInterfaceOrientationPortrait UIInterfaceOrientationLandscapeLeft UIInterfaceOrientationLandscapeRight";
				LD_RUNPATH_SEARCH_PATHS = (
					"$(inherited)",
					"@executable_path/Frameworks",
				);
				MARKETING_VERSION = 1.0;
				PRODUCT_BUNDLE_IDENTIFIER = AlexBQCompany.TheMovieDB;
				PRODUCT_NAME = "$(TARGET_NAME)";
				SWIFT_EMIT_LOC_STRINGS = YES;
				SWIFT_VERSION = 5.0;
				TARGETED_DEVICE_FAMILY = "1,2";
			};
			name = Release;
		};
/* End XCBuildConfiguration section */

/* Begin XCConfigurationList section */
		A9FC1F7928A41B7B00067604 /* Build configuration list for PBXProject "TheMovieDB" */ = {
			isa = XCConfigurationList;
			buildConfigurations = (
				A9FC1F9328A41B7D00067604 /* Debug */,
				A9FC1F9428A41B7D00067604 /* Release */,
			);
			defaultConfigurationIsVisible = 0;
			defaultConfigurationName = Release;
		};
		A9FC1F9528A41B7D00067604 /* Build configuration list for PBXNativeTarget "TheMovieDB" */ = {
			isa = XCConfigurationList;
			buildConfigurations = (
				A9FC1F9628A41B7D00067604 /* Debug */,
				A9FC1F9728A41B7D00067604 /* Release */,
			);
			defaultConfigurationIsVisible = 0;
			defaultConfigurationName = Release;
		};
/* End XCConfigurationList section */

/* Begin XCVersionGroup section */
		A9FC1F8A28A41B7B00067604 /* TheMovieDB.xcdatamodeld */ = {
			isa = XCVersionGroup;
			children = (
				A9FC1F8B28A41B7B00067604 /* TheMovieDB.xcdatamodel */,
			);
			currentVersion = A9FC1F8B28A41B7B00067604 /* TheMovieDB.xcdatamodel */;
			path = TheMovieDB.xcdatamodeld;
			sourceTree = "<group>";
			versionGroupType = wrapper.xcdatamodel;
		};
/* End XCVersionGroup section */
	};
	rootObject = A9FC1F7628A41B7B00067604 /* Project object */;
}
